
Microsoft Visual Studio Solution File, Format Version 12.00
# Visual Studio 15
VisualStudioVersion = 15.0.28307.852
MinimumVisualStudioVersion = 10.0.40219.1
Project("{FAE04EC0-301F-11D3-BF4B-00C04F79EFBC}") = "CSharpTestBedAdapter", "src\CSharpTestBedAdapter\CSharpTestBedAdapter.csproj", "{9FA5257A-BD49-43EE-8B48-B4BCEB02122B}"
EndProject
Project("{2150E333-8FDC-42A3-9474-1A3956D46DE8}") = "examples", "examples", "{110475EC-F2D4-4655-9920-840A431B196F}"
EndProject
Project("{FAE04EC0-301F-11D3-BF4B-00C04F79EFBC}") = "CSharpExampleProducerCustom", "examples\CSharpExampleProducerCustom\CSharpExampleProducerCustom.csproj", "{A7A2ED4B-5C05-4BF6-BC93-3A40959E1C71}"
EndProject
Project("{FAE04EC0-301F-11D3-BF4B-00C04F79EFBC}") = "CSharpExampleConsumer", "examples\CSharpExampleConsumer\CSharpExampleConsumer.csproj", "{78900558-A8DE-4FA6-B6AB-4F1321C12C16}"
EndProject
Project("{2150E333-8FDC-42A3-9474-1A3956D46DE8}") = "common", "common", "{D19AA61D-63B1-41E1-A067-3E54F282DC17}"
EndProject
Project("{FAE04EC0-301F-11D3-BF4B-00C04F79EFBC}") = "CommonMessages", "examples\common\CommonMessages\CommonMessages.csproj", "{63F6C6F4-2CAB-4060-A5FC-5B4BC6C95379}"
EndProject
Project("{FAE04EC0-301F-11D3-BF4B-00C04F79EFBC}") = "CoreMessages", "src\CoreMessages\CoreMessages.csproj", "{42E6B653-9531-4A59-9DD8-F22289587A92}"
EndProject
Project("{FAE04EC0-301F-11D3-BF4B-00C04F79EFBC}") = "StandardMessages", "src\StandardMessages\StandardMessages.csproj", "{AD423BF6-84C1-497B-B453-E85AC665EF8A}"
EndProject
Project("{FAE04EC0-301F-11D3-BF4B-00C04F79EFBC}") = "CSharpExampleProducerStandard", "examples\CSharpExampleProducerStandard\CSharpExampleProducerStandard.csproj", "{F984556F-D1D9-4E96-948B-098D7D120755}"
EndProject
Global
	GlobalSection(SolutionConfigurationPlatforms) = preSolution
		Debug|Any CPU = Debug|Any CPU
		Release|Any CPU = Release|Any CPU
	EndGlobalSection
	GlobalSection(ProjectConfigurationPlatforms) = postSolution
		{9FA5257A-BD49-43EE-8B48-B4BCEB02122B}.Debug|Any CPU.ActiveCfg = Debug|Any CPU
		{9FA5257A-BD49-43EE-8B48-B4BCEB02122B}.Debug|Any CPU.Build.0 = Debug|Any CPU
		{9FA5257A-BD49-43EE-8B48-B4BCEB02122B}.Release|Any CPU.ActiveCfg = Release|Any CPU
		{9FA5257A-BD49-43EE-8B48-B4BCEB02122B}.Release|Any CPU.Build.0 = Release|Any CPU
		{A7A2ED4B-5C05-4BF6-BC93-3A40959E1C71}.Debug|Any CPU.ActiveCfg = Debug|Any CPU
		{A7A2ED4B-5C05-4BF6-BC93-3A40959E1C71}.Debug|Any CPU.Build.0 = Debug|Any CPU
		{A7A2ED4B-5C05-4BF6-BC93-3A40959E1C71}.Release|Any CPU.ActiveCfg = Release|Any CPU
		{A7A2ED4B-5C05-4BF6-BC93-3A40959E1C71}.Release|Any CPU.Build.0 = Release|Any CPU
		{78900558-A8DE-4FA6-B6AB-4F1321C12C16}.Debug|Any CPU.ActiveCfg = Debug|Any CPU
		{78900558-A8DE-4FA6-B6AB-4F1321C12C16}.Debug|Any CPU.Build.0 = Debug|Any CPU
		{78900558-A8DE-4FA6-B6AB-4F1321C12C16}.Release|Any CPU.ActiveCfg = Release|Any CPU
		{78900558-A8DE-4FA6-B6AB-4F1321C12C16}.Release|Any CPU.Build.0 = Release|Any CPU
		{63F6C6F4-2CAB-4060-A5FC-5B4BC6C95379}.Debug|Any CPU.ActiveCfg = Debug|Any CPU
		{63F6C6F4-2CAB-4060-A5FC-5B4BC6C95379}.Debug|Any CPU.Build.0 = Debug|Any CPU
		{63F6C6F4-2CAB-4060-A5FC-5B4BC6C95379}.Release|Any CPU.ActiveCfg = Release|Any CPU
		{63F6C6F4-2CAB-4060-A5FC-5B4BC6C95379}.Release|Any CPU.Build.0 = Release|Any CPU
		{42E6B653-9531-4A59-9DD8-F22289587A92}.Debug|Any CPU.ActiveCfg = Debug|Any CPU
		{42E6B653-9531-4A59-9DD8-F22289587A92}.Debug|Any CPU.Build.0 = Debug|Any CPU
		{42E6B653-9531-4A59-9DD8-F22289587A92}.Release|Any CPU.ActiveCfg = Release|Any CPU
		{42E6B653-9531-4A59-9DD8-F22289587A92}.Release|Any CPU.Build.0 = Release|Any CPU
		{AD423BF6-84C1-497B-B453-E85AC665EF8A}.Debug|Any CPU.ActiveCfg = Debug|Any CPU
		{AD423BF6-84C1-497B-B453-E85AC665EF8A}.Debug|Any CPU.Build.0 = Debug|Any CPU
		{AD423BF6-84C1-497B-B453-E85AC665EF8A}.Release|Any CPU.ActiveCfg = Release|Any CPU
		{AD423BF6-84C1-497B-B453-E85AC665EF8A}.Release|Any CPU.Build.0 = Release|Any CPU
		{F984556F-D1D9-4E96-948B-098D7D120755}.Debug|Any CPU.ActiveCfg = Debug|Any CPU
		{F984556F-D1D9-4E96-948B-098D7D120755}.Debug|Any CPU.Build.0 = Debug|Any CPU
		{F984556F-D1D9-4E96-948B-098D7D120755}.Release|Any CPU.ActiveCfg = Release|Any CPU
		{F984556F-D1D9-4E96-948B-098D7D120755}.Release|Any CPU.Build.0 = Release|Any CPU
	EndGlobalSection
	GlobalSection(SolutionProperties) = preSolution
		HideSolutionNode = FALSE
	EndGlobalSection
	GlobalSection(NestedProjects) = preSolution
		{A7A2ED4B-5C05-4BF6-BC93-3A40959E1C71} = {110475EC-F2D4-4655-9920-840A431B196F}
		{78900558-A8DE-4FA6-B6AB-4F1321C12C16} = {110475EC-F2D4-4655-9920-840A431B196F}
		{D19AA61D-63B1-41E1-A067-3E54F282DC17} = {110475EC-F2D4-4655-9920-840A431B196F}
		{63F6C6F4-2CAB-4060-A5FC-5B4BC6C95379} = {D19AA61D-63B1-41E1-A067-3E54F282DC17}
		{F984556F-D1D9-4E96-948B-098D7D120755} = {110475EC-F2D4-4655-9920-840A431B196F}
	EndGlobalSection
	GlobalSection(ExtensibilityGlobals) = postSolution
		SolutionGuid = {AEA1A0E8-0484-4D43-8BD8-CCB0464D1EA4}
	EndGlobalSection
EndGlobal
